{
  "name": "PreferColorScheme",
  "lockfileVersion": 2,
  "requires": true,
  "packages": {
    "": {
      "dependencies": {
        "chrome-types": "^0.1.163"
      }
    },
    "node_modules/chrome-types": {
      "version": "0.1.163",
      "resolved": "https://registry.npmjs.org/chrome-types/-/chrome-types-0.1.163.tgz",
      "integrity": "sha512-GSy1Nx2Q0laTJq84sfEaeUpJPVEz5hJveRsYQ7E1R/0eXmZgIGO+KxPg7CYzMB6zwwaXMoW9E+BO3slBfchHwg=="
    }
  },
  "dependencies": {
    "chrome-types": {
      "version": "0.1.163",
      "resolved": "https://registry.npmjs.org/chrome-types/-/chrome-types-0.1.163.tgz",
      "integrity": "sha512-GSy1Nx2Q0laTJq84sfEaeUpJPVEz5hJveRsYQ7E1R/0eXmZgIGO+KxPg7CYzMB6zwwaXMoW9E+BO3slBfchHwg=="
    }
  }
}
